{
  "name": "OnlineChessBook",
  "lockfileVersion": 3,
  "requires": true,
  "packages": {
    "": {
      "dependencies": {
        "@chrisoakman/chessboardjs": "^1.0.0",
        "chess.js": "^1.0.0-beta.8",
        "firebase": "^10.12.3"
      }
    },
    "node_modules/@chrisoakman/chessboardjs": {
      "version": "1.0.0",
      "resolved": "https://registry.npmjs.org/@chrisoakman/chessboardjs/-/chessboardjs-1.0.0.tgz",
      "integrity": "sha512-JHXHoQwwc86xW3F0YIdFcEWLnPldee5mHkqwJbOTeDh5gvNmYXyBj6AkeecDkj2WtORF959yaWYlpyZHUl3LCQ==",
      "dependencies": {
        "jquery": ">=3.4.1"
      }
    },
    "node_modules/@fastify/busboy": {
      "version": "2.1.1",
      "resolved": "https://registry.npmjs.org/@fastify/busboy/-/busboy-2.1.1.tgz",
      "integrity": "sha512-vBZP4NlzfOlerQTnba4aqZoMhE/a9HY7HRqoOPaETQcSQuWEIyZMHGfVu6w9wGtGK5fED5qRs2DteVCjOH60sA==",
      "engines": {
        "node": ">=14"
      }
    }
  }
}